{
    "_meta": {
        "hash": {
            "sha256": "f2e05f9b83d2286eefeb81fea2607dceac8a1c0e8101631dbd551b3f1d4761d9"
        },
        "pipfile-spec": 6,
        "requires": {
            "python_version": "3.6"
        },
        "sources": [
            {
                "name": "pypi",
                "url": "https://pypi.python.org/simple",
                "verify_ssl": true
            }
        ]
    },
    "default": {
        "requests": {
            "hashes": [
                "sha256:3b39cde35be51762885631cf586f4dc2284951b44d479a4454020758d767cc2f",
                "sha256:a274abba399a23e8713ffd2b5706535ae280ebe2b8069ee6a941cb089440d153"
            ],
            "index": "pypi",
            "version": "==2.14.2"
        }
    },
    "develop": {}
}
